
Microsoft Visual Studio Solution File, Format Version 12.00
# Visual Studio Version 17
VisualStudioVersion = 17.7.34024.191
MinimumVisualStudioVersion = 10.0.40219.1
Project("{9A19103F-16F7-4668-BE54-9A1E7A4F7556}") = "DAL", "ConsoleApp1\DAL.csproj", "{5F4E7EF5-693E-4440-9366-5428C86482C1}"
EndProject
Project("{9A19103F-16F7-4668-BE54-9A1E7A4F7556}") = "Presentation", "Presentation\Presentation.csproj", "{F9E2949B-1645-4BD1-BDE6-27F26FABD777}"
EndProject
Project("{9A19103F-16F7-4668-BE54-9A1E7A4F7556}") = "BLL", "BLL\BLL.csproj", "{94A07D9F-4045-42F5-825A-7E9852D07203}"
EndProject
Global
	GlobalSection(SolutionConfigurationPlatforms) = preSolution
		Debug|Any CPU = Debug|Any CPU
		Release|Any CPU = Release|Any CPU
	EndGlobalSection
	GlobalSection(ProjectConfigurationPlatforms) = postSolution
		{5F4E7EF5-693E-4440-9366-5428C86482C1}.Debug|Any CPU.ActiveCfg = Debug|Any CPU
		{5F4E7EF5-693E-4440-9366-5428C86482C1}.Debug|Any CPU.Build.0 = Debug|Any CPU
		{5F4E7EF5-693E-4440-9366-5428C86482C1}.Release|Any CPU.ActiveCfg = Release|Any CPU
		{5F4E7EF5-693E-4440-9366-5428C86482C1}.Release|Any CPU.Build.0 = Release|Any CPU
		{F9E2949B-1645-4BD1-BDE6-27F26FABD777}.Debug|Any CPU.ActiveCfg = Debug|Any CPU
		{F9E2949B-1645-4BD1-BDE6-27F26FABD777}.Debug|Any CPU.Build.0 = Debug|Any CPU
		{F9E2949B-1645-4BD1-BDE6-27F26FABD777}.Release|Any CPU.ActiveCfg = Release|Any CPU
		{F9E2949B-1645-4BD1-BDE6-27F26FABD777}.Release|Any CPU.Build.0 = Release|Any CPU
		{94A07D9F-4045-42F5-825A-7E9852D07203}.Debug|Any CPU.ActiveCfg = Debug|Any CPU
		{94A07D9F-4045-42F5-825A-7E9852D07203}.Debug|Any CPU.Build.0 = Debug|Any CPU
		{94A07D9F-4045-42F5-825A-7E9852D07203}.Release|Any CPU.ActiveCfg = Release|Any CPU
		{94A07D9F-4045-42F5-825A-7E9852D07203}.Release|Any CPU.Build.0 = Release|Any CPU
	EndGlobalSection
	GlobalSection(SolutionProperties) = preSolution
		HideSolutionNode = FALSE
	EndGlobalSection
	GlobalSection(ExtensibilityGlobals) = postSolution
		SolutionGuid = {4CDA7423-7F0E-426F-B706-234FB04B093B}
	EndGlobalSection
EndGlobal
